# THIS IS AN AUTOGENERATED FILE. DO NOT EDIT THIS FILE DIRECTLY.
assets/custom.scss.liquid:
  development: 2018-07-26T00:37:04-07:00   1c82dbaae513f813f5a681e9a6780d6b
assets/empire.js:
  development: 2018-07-07T02:27:19-07:00   a204465b1df07fbab1fe9dc9ced784eb
assets/empire.js.map:
  development: 2018-07-10T01:27:25-07:00   c844758e6e1c524ecebdb6778085cc4d
assets/jquery.cart.js:
  development: 2018-07-05T23:41:17-07:00   d561b356ead76b3d4a147f96eb34be98
assets/roiheasy-conversion.js:
  development: 2018-07-08T19:48:18-07:00   5852c5d4ce9ae6cd34fcddbc15529dd0
assets/security-trust-badge.png:
  development: 2018-07-13T01:42:54-07:00   47f8ac31e14b09214e85c6e8300feff6
assets/theme.scss.liquid:
  development: 2018-07-05T23:41:18-07:00   d0be18ffad80174fcf9d8004a105b834
assets/trust-icons.jpg:
  development: 2018-07-13T01:42:53-07:00   23fb165772ff69971fd1e073e2e3420a
config/settings_data.json:
  development: 2018-07-26T00:19:33-07:00   96917eb9a75b162f43d5001cf4b7f824
config/settings_schema.json:
  development: 2018-07-10T01:26:55-07:00   d02a79c79ede4ddf4198e77097f4eae5
layout/giftcard.liquid:
  development: 2018-07-05T23:41:18-07:00   418bf418733d0f03e70260703a6f7c4d
layout/none.liquid:
  development: 2018-07-05T23:41:18-07:00   30e4a495aac08f1454e076fa93d6c292
layout/theme.liquid:
  development: 2018-07-26T00:43:18-07:00   3a01a80fd15a9257d2f4d9041b60e97f
locales/en.default.json:
  development: 2018-07-26T00:34:25-07:00   a4e0ed8ca60f4167e2df227aa31473ad
sections/dynamic-blog-posts.liquid:
  development: 2018-07-05T23:41:15-07:00   7345b04a5dbd434db7174f3b5a2229fb
sections/dynamic-collection-list.liquid:
  development: 2018-07-05T23:41:15-07:00   60778f1f8b32d501d578af29e500d2b8
sections/dynamic-featured-collection.liquid:
  development: 2018-07-18T03:09:37-07:00   665c6c794d7a8389af1c1d41aa6096b5
sections/dynamic-featured-product.liquid:
  development: 2018-07-18T03:09:32-07:00   ecf1c9829c606394b3a1f8879cc5c508
sections/dynamic-instagram-feed.liquid:
  development: 2018-07-05T23:41:15-07:00   0121917b3fe3677c782cb5c894ad33e4
sections/dynamic-logo-list.liquid:
  development: 2018-07-05T23:41:15-07:00   195eb1a862bc1304913d929d26ae7257
sections/dynamic-menu-list.liquid:
  development: 2018-07-05T23:41:15-07:00   566a150dc3720f3febe54f73219f620a
sections/dynamic-promo-grid.liquid:
  development: 2018-07-05T23:41:15-07:00   f5122ab180ab4c70787c787c759df7c3
sections/dynamic-promo-mosaic.liquid:
  development: 2018-07-05T23:41:15-07:00   76030fa012c10a04bbe83fc785d822cd
sections/dynamic-rich-text.liquid:
  development: 2018-07-05T23:41:15-07:00   d4a2c4c40aa65017166d6f4e789b976a
sections/dynamic-search.liquid:
  development: 2018-07-05T23:41:16-07:00   3dce6fd162ae921fabe2940f621a9214
sections/dynamic-twitter-feed.liquid:
  development: 2018-07-05T23:41:16-07:00   fd7e4943e6573f0cfd7363210ea95a4f
sections/dynamic-video.liquid:
  development: 2018-07-05T23:41:16-07:00   7b8305a6169662f4edfe1086a0b9d09e
sections/loox-all-reviews.liquid:
  development: 2018-07-13T01:04:31-07:00   90f9dd4333c5db34478a1a6cb1349a4f
sections/pxs-image-with-text-overlay.liquid:
  development: 2018-07-05T23:41:16-07:00   09529ab74d7a9d1e61b5a09aee36ef0e
sections/pxs-map.liquid:
  development: 2018-07-10T01:26:24-07:00   17bf3136a7a8d98d5560292e148bec2d
sections/pxs-newsletter.liquid:
  development: 2018-07-05T23:41:16-07:00   8b5a43c884ad5d7d05e287b545a1169c
sections/static-article.liquid:
  development: 2018-07-05T23:41:16-07:00   907e0a8fd4ca6f612d8ca1323c1f6ea0
sections/static-blog.liquid:
  development: 2018-07-05T23:41:16-07:00   c106f03e4086b0609fd9460de448737d
sections/static-cart.liquid:
  development: 2018-07-26T00:31:21-07:00   dbd33cb1ba2630b2988360c173b22cf7
sections/static-collection.liquid:
  development: 2018-07-18T03:09:31-07:00   de1c82486474396a4d6584427d122dd7
sections/static-footer.liquid:
  development: 2018-07-07T02:27:17-07:00   19de4b4f1ab086d03d533f36fbfc9643
sections/static-giftcard.liquid:
  development: 2018-07-05T23:41:16-07:00   aad0f8572fdd83684bbcc67ecdaadbb3
sections/static-header.liquid:
  development: 2018-07-05T23:41:16-07:00   794764fafa372071d06e3c31a9ace696
sections/static-highlights-banners.liquid:
  development: 2018-07-05T23:41:16-07:00   09329f73d798d61b1c4941d4adf3240c
sections/static-list-collections.liquid:
  development: 2018-07-05T23:41:16-07:00   fc160bffe23f5154533ca3586c36ee3a
sections/static-password.liquid:
  development: 2018-07-05T23:41:16-07:00   ae4a776f5afa6c15c31dd3a5d16d1bd3
sections/static-product.liquid:
  development: 2018-07-18T03:09:35-07:00   5b219c697d5eab7a8c095edd200983a0
sections/static-search.liquid:
  development: 2018-07-18T03:09:34-07:00   e7fe0093c1a6971c1284ec451d73c033
sections/static-slideshow.liquid:
  development: 2018-07-05T23:41:16-07:00   a45bb86532897e343c95201cef114208
snippets/account-address-form.liquid:
  development: 2018-07-05T23:41:18-07:00   f85f88fb40cdace6cf9a345adc551e6d
snippets/account-address-list.liquid:
  development: 2018-07-05T23:41:18-07:00   a9236003202a3741c4651bf45d29165e
snippets/advanced-tag-loop.liquid:
  development: 2018-07-05T23:41:18-07:00   a51fcffe46145c316a7f073fe26dd74d
snippets/article-comment-item.liquid:
  development: 2018-07-05T23:41:18-07:00   1f3b2eb404103171e7891dfdb708ff3a
snippets/article-comments.liquid:
  development: 2018-07-05T23:41:18-07:00   e2acfce7bd7ef31d442340d5dfd80298
snippets/article-excerpt-featured.liquid:
  development: 2018-07-05T23:41:18-07:00   bb2a9ff6ddabb8333df703e553b67a27
snippets/article-excerpt.liquid:
  development: 2018-07-05T23:41:18-07:00   f9e751c99393446bed274524bf2ff64e
snippets/atc-banner.liquid:
  development: 2018-07-05T23:41:18-07:00   36a604d13dff1a33212aff0bf354effb
snippets/banana-stand-cart-top-container.liquid:
  development: 2018-07-13T02:03:22-07:00   0076fe5ab404e261104aa2f5b87bb93c
snippets/banana-stand-footer.liquid:
  development: 2018-07-26T00:42:17-07:00   10bd4ee1fd97d1ea5c67d9ae04c61e78
snippets/banana-stand-product-list-container.liquid:
  development: 2018-07-23T20:55:00-07:00   217afd9637355c6d8c1d04b0ae27b666
snippets/banana-stand-product-page-container.liquid:
  development: 2018-07-23T20:55:00-07:00   a3949fe3b0b27d5ef0761b3253146955
snippets/breadcrumbs.liquid:
  development: 2018-07-05T23:41:18-07:00   fde213f35e3c2ff6b3ab771031251dc3
snippets/cart-item.liquid:
  development: 2018-07-05T23:41:18-07:00   c683a0f93024743193652239c837f7ef
snippets/cart-shipping.liquid:
  development: 2018-07-07T02:11:57-07:00   9f070ac155240fd2d76a4c6638cb7ab1
snippets/collection-list-item.liquid:
  development: 2018-07-05T23:41:18-07:00   99c65a9de11e794e6404bcdff248f4ba
snippets/consistent-savings.liquid:
  development: 2018-07-05T23:41:18-07:00   062348bf8636cfb65992209dc469c8ef
snippets/favicon.liquid:
  development: 2018-07-05T23:41:18-07:00   17dac714316cd7dd3dcdb410d3180482
snippets/footer-block.liquid:
  development: 2018-07-05T23:41:18-07:00   08e311d246c19436e5986486e28a2298
snippets/hotjar.liquid:
  development: 2018-07-25T02:52:24-07:00   32f2c548edcd95e03409c3cf07a0675e
snippets/hurrify-snippet.liquid:
  development: 2018-07-08T19:48:16-07:00   998a7821ba8c86ed7f2c47bb3574cc0d
snippets/icon-cart.liquid:
  development: 2018-07-05T23:41:18-07:00   10e3ba40c4ac001cfb315cfa4019a421
snippets/icon-checkbox.liquid:
  development: 2018-07-05T23:41:18-07:00   ec91804696102b341faf503807c00f10
snippets/icon-checkmark.liquid:
  development: 2018-07-05T23:41:19-07:00   3d55d2131d64821a15df9a06a272ad95
snippets/icon-chevron-down-small.liquid:
  development: 2018-07-05T23:41:19-07:00   2b10da2ba8e81937fb7a1266c440bacd
snippets/icon-chevron-down-thin.liquid:
  development: 2018-07-05T23:41:19-07:00   847fc18d4ddf1bc2955478da730feb47
snippets/icon-chevron-down.liquid:
  development: 2018-07-05T23:41:19-07:00   18cf858f6eddc33354ca0f3ded263ecd
snippets/icon-filters.liquid:
  development: 2018-07-05T23:41:19-07:00   e75dc1cd06aed5f3003efc264ad13f8c
snippets/icon-library.liquid:
  development: 2018-07-05T23:41:19-07:00   775b1341d6cc07b7b12d1168986dcfa7
snippets/icon-lock.liquid:
  development: 2018-07-05T23:41:19-07:00   195ed69385a69ad86109d4486bf1d6ab
snippets/icon-menu-close.liquid:
  development: 2018-07-05T23:41:19-07:00   0598b38bae2abbd119e0d17842bfb20b
snippets/icon-payment-icons.liquid:
  development: 2018-07-05T23:41:19-07:00   449a16f5522fe8acebb08a1882b2f3ee
snippets/icon-remove.liquid:
  development: 2018-07-05T23:41:19-07:00   e6c3217e16245dac99cde7c72b051e8e
snippets/icon-rss.liquid:
  development: 2018-07-05T23:41:19-07:00   3d2dde5682350e6c19be327a84ff7418
snippets/icon-search.liquid:
  development: 2018-07-05T23:41:19-07:00   9d7814400c64d8b92f4a2c98c1525759
snippets/icon-spinner.liquid:
  development: 2018-07-05T23:41:19-07:00   52313ef50bcafdae0b5c11d9edd8ade0
snippets/klaviyo-product-tag.liquid:
  development: 2018-07-18T03:09:30-07:00   37215412a32875fe923acb4bc5a125c0
snippets/klaviyo-theme-tag.liquid:
  development: 2018-07-16T20:11:53-07:00   c0d018aad600149b80040cb7a2a4dce5
snippets/limespot.liquid:
  development: 2018-07-26T00:28:06-07:00   ff1bcbe5c45c10cdc6cace430c05e120
snippets/live-search-form.liquid:
  development: 2018-07-05T23:41:19-07:00   d803b9dbcb14a674a7e9923a64365beb
snippets/meganav-image-block.liquid:
  development: 2018-07-05T23:41:19-07:00   4a22961c61c9acae3648f1423022508c
snippets/meganav-navmenu.liquid:
  development: 2018-07-05T23:41:19-07:00   c2c8c61f5088f3c69d5d82c4172a98d7
snippets/message-banner.liquid:
  development: 2018-07-05T23:41:19-07:00   a9f100127c83a8006c57c083dae90d0f
snippets/modal.liquid:
  development: 2018-07-05T23:41:19-07:00   79c13f2bab627da915cd3fc6a7cbda49
snippets/navmenu.liquid:
  development: 2018-07-05T23:41:19-07:00   8b1b378c60290f79a50bc31ccc66b796
snippets/newsletter.liquid:
  development: 2018-07-05T23:41:19-07:00   b5de01d8bddd626e93e87f2be1e39468
snippets/page-search-form.liquid:
  development: 2018-07-05T23:41:19-07:00   f644edbbd885c6005bf143bcd5fa27fc
snippets/pagination.liquid:
  development: 2018-07-05T23:41:19-07:00   27906eb940fdae3266bd0a3b1a2923c8
snippets/placeholder_svg_uri.liquid:
  development: 2018-07-05T23:41:19-07:00   ec28a7124c30fbdf87ede5da246d212d
snippets/product-badge.liquid:
  development: 2018-07-05T23:41:19-07:00   34674bddeefb6f695be091825f0f149a
snippets/product-form.liquid:
  development: 2018-07-18T03:09:33-07:00   f0c75de5ad54736b9e91eb4e97c3983c
snippets/product-gallery.liquid:
  development: 2018-07-05T23:41:19-07:00   0d42c4a383f25f63cde33531ebe36ae6
snippets/product-grid-item.liquid:
  development: 2018-07-18T03:09:32-07:00   829b72b8720317eda25e84aa1119fe06
snippets/product-grid-showby.liquid:
  development: 2018-07-05T23:41:20-07:00   381da6e25d744b7c8fd7160ef261bc43
snippets/product-grid-sidebar-filters.liquid:
  development: 2018-07-05T23:41:20-07:00   d69fcfaa0e0be98cbfd675f202f92818
snippets/product-grid-sidebar.liquid:
  development: 2018-07-05T23:41:20-07:00   737ef908615c74d9e4abafe94eb14f74
snippets/product-grid-sortby.liquid:
  development: 2018-07-05T23:41:20-07:00   a10ceb3f5b973e60087868042a635c12
snippets/product-grid-tag-groups.liquid:
  development: 2018-07-05T23:41:20-07:00   8847c4f4bd32a99efb79172e9d1757e7
snippets/product-grid-tags-active.liquid:
  development: 2018-07-05T23:41:20-07:00   32ba0eb4250ab1154fd2114f6ee1afa0
snippets/product-grid-tags.liquid:
  development: 2018-07-05T23:41:20-07:00   6c90009fd1bf12cb44180f4d58c82d51
snippets/product-options.liquid:
  development: 2018-07-18T03:09:34-07:00   a1cdbaac04f528cb7bd38815019b33e5
snippets/product-price.liquid:
  development: 2018-07-05T23:41:20-07:00   13c4cc168e86b1dc98813d771b61ae02
snippets/product.liquid:
  development: 2018-07-18T03:09:36-07:00   be539374bcb1114c7c3250e325d5a2ff
snippets/promo-block-background.liquid:
  development: 2018-07-05T23:41:20-07:00   ba1b016dc376942b73481d34b8ceeeb2
snippets/promo-block.liquid:
  development: 2018-07-05T23:41:20-07:00   fb137700f0d039fb4782a018fbe1cb92
snippets/promo-mosaic-1.liquid:
  development: 2018-07-05T23:41:20-07:00   1223b240a63bba03d862cf95cd0feb00
snippets/promo-mosaic-2.liquid:
  development: 2018-07-05T23:41:20-07:00   c69bc6743eefc25c788152febc984e57
snippets/promo-mosaic-3.liquid:
  development: 2018-07-05T23:41:20-07:00   b80fbd56212f7cb4e924609aef710461
snippets/promo-mosaic-4.liquid:
  development: 2018-07-05T23:41:20-07:00   231892ffb5b0b2d3fc5bda3138a625f7
snippets/promo-mosaic-5.liquid:
  development: 2018-07-05T23:41:20-07:00   8ebf2915400223441f7000e47ef7f4dc
snippets/related-products.liquid:
  development: 2018-07-18T03:09:31-07:00   1f8b05010a4bb0a67d67f3c794a577db
snippets/results-search-content.liquid:
  development: 2018-07-05T23:41:20-07:00   df166c591aadb13da96b93f0a4f13db8
snippets/rimg.liquid:
  development: 2018-07-05T23:41:20-07:00   6a45d580c0e4b48a55b1fc6ed87a5fa7
snippets/roihundereasy.liquid:
  development: 2018-07-26T00:43:17-07:00   9ea53bb0cb701d21e3d7e0b95e76eefb
snippets/search-sanitizer.liquid:
  development: 2018-07-05T23:41:20-07:00   3585d867cf7f14124609fafdd122945c
snippets/share-buttons.liquid:
  development: 2018-07-05T23:41:20-07:00   3b76e6850ae2c23819fff0fea47192dd
snippets/site-header-actions.liquid:
  development: 2018-07-05T23:41:20-07:00   9e820b25119acc86bc743ec9be20207d
snippets/site-mobile-nav.liquid:
  development: 2018-07-05T23:41:20-07:00   8aeebccac0946146958e0eda44ca8af7
snippets/slideshow-overlay.liquid:
  development: 2018-07-05T23:41:21-07:00   b76d35073dca1c72af1b089790fac15a
snippets/social-icon.liquid:
  development: 2018-07-05T23:41:21-07:00   7dd87fa697b96f4bd88f981edcb77c71
snippets/social-link.liquid:
  development: 2018-07-05T23:41:21-07:00   1d164b3844890dcd5db69dce2ae97415
snippets/social-list.liquid:
  development: 2018-07-05T23:41:21-07:00   ab7a3b180447dfce2221a8b13b4776be
snippets/social-meta-tags.liquid:
  development: 2018-07-05T23:41:21-07:00   cd0dd28ca3535fbd7b5fa7e67b674d90
snippets/structured-data.liquid:
  development: 2018-07-05T23:41:21-07:00   99f22f8143d32587a7251440d7908c25
snippets/svg-sprite.liquid:
  development: 2018-07-05T23:41:21-07:00   89196daa4fcb4edc9ba0fd471bae1159
snippets/trackify.liquid:
  development: 2018-07-15T23:35:23-07:00   bc90c4215e16fd4b74e62dbf6c6a10e7
snippets/tweet.liquid:
  development: 2018-07-05T23:41:21-07:00   410f2ebcd880b49a7d8028bec32fa758
snippets/video.liquid:
  development: 2018-07-05T23:41:21-07:00   d2cbfcf7e36941ea51bd5afec5813e59
templates/404.liquid:
  development: 2018-07-05T23:41:21-07:00   4def51683da390e8f5c3b92b09574ede
templates/article.liquid:
  development: 2018-07-05T23:41:21-07:00   31bc5f40cf0036e97bc228f5241248cd
templates/blog.liquid:
  development: 2018-07-05T23:41:21-07:00   3fcf2d7eec2a07fc51cc23e5f1ff98fd
templates/cart.liquid:
  development: 2018-07-05T23:41:21-07:00   c9ceb6b1d5ade1426dc567e6105a907a
templates/collection.liquid:
  development: 2018-07-05T23:41:21-07:00   e89913278de4e3b744db23e5ea010fc7
templates/collection.view-24.liquid:
  development: 2018-07-05T23:41:21-07:00   e89913278de4e3b744db23e5ea010fc7
templates/collection.view-36.liquid:
  development: 2018-07-05T23:41:21-07:00   e89913278de4e3b744db23e5ea010fc7
templates/collection.view-48.liquid:
  development: 2018-07-05T23:41:21-07:00   e89913278de4e3b744db23e5ea010fc7
templates/customers/account.liquid:
  development: 2018-07-05T23:41:21-07:00   bb0b638563a16526b43326f482ee8448
templates/customers/activate_account.liquid:
  development: 2018-07-05T23:41:21-07:00   5af8cc6f9694d276bba7a573e928f02e
templates/customers/addresses.liquid:
  development: 2018-07-05T23:41:21-07:00   aa753cfb99e070891cdb6beb10498fc9
templates/customers/login.liquid:
  development: 2018-07-05T23:41:21-07:00   3b2de6d0e7ba40b2a7f659a94c6d631f
templates/customers/order.liquid:
  development: 2018-07-05T23:41:21-07:00   89f6c91e86f8ec6119ca2cf2f7cee3a4
templates/customers/register.liquid:
  development: 2018-07-05T23:41:21-07:00   a3d092e5123ff134605008133c6c808e
templates/customers/reset_password.liquid:
  development: 2018-07-05T23:41:21-07:00   fa88721b56943746953fe5bfaad11a11
templates/gift_card.liquid:
  development: 2018-07-05T23:41:21-07:00   f1784a653fed4b8cde64d98daf3f1e23
templates/index.liquid:
  development: 2018-07-05T23:41:21-07:00   034564da719f1f503f71c6638210c15a
templates/list-collections.liquid:
  development: 2018-07-05T23:41:22-07:00   160754bddd636282dc329181ebd8bb0e
templates/page.contact.liquid:
  development: 2018-07-05T23:41:22-07:00   ac5d3c0e1778a385e6c66c8044e561f2
templates/page.liquid:
  development: 2018-07-05T23:41:22-07:00   9e442c571c6eb6ea9b0b06598a29321b
templates/password.liquid:
  development: 2018-07-05T23:41:22-07:00   2fdfbecb3470b2a25e6559a816577052
templates/product.liquid:
  development: 2018-07-18T03:09:30-07:00   e36ea11def5ffbc3db1a5e341d93ab96
templates/search.header.liquid:
  development: 2018-07-05T23:41:22-07:00   3d0157f0de90c1135c4a58c343135d08
templates/search.liquid:
  development: 2018-07-05T23:41:22-07:00   34e7a538259af245f4deed26e21288a9
